PODS:
  - AudioKit (4.11.2):
    - AudioKit/Core (= 4.11.2)
    - AudioKit/UI (= 4.11.2)
  - AudioKit/Core (4.11.2)
  - AudioKit/UI (4.11.2):
    - AudioKit/Core
  - Flutter (1.0.0)
  - sound_generator (0.0.1):
    - AudioKit
    - Flutter

DEPENDENCIES:
  - Flutter (from `Flutter`)
  - sound_generator (from `.symlinks/plugins/sound_generator/ios`)

SPEC REPOS:
  trunk:
    - AudioKit

EXTERNAL SOURCES:
  Flutter:
    :path: Flutter
  sound_generator:
    :path: ".symlinks/plugins/sound_generator/ios"

SPEC CHECKSUMS:
  AudioKit: 57cc61d708f085763a031e5c3f87adae21dc4b59
  Flutter: 50d75fe2f02b26cc09d224853bb45737f8b3214a
  sound_generator: 6fb2fc45c9c2e5783322b5b7587510bf41ed9312

PODFILE CHECKSUM: ebed4781d6626ec8381c1f03719d8e2720ddd642

COCOAPODS: 1.11.2
